{
  "name": "examples",
  "lockfileVersion": 3,
  "requires": true,
  "packages": {
    "": {
      "devDependencies": {
        "@tsxper/log-stream-formatter-visual": "^1.0.3"
      }
    },
    "node_modules/@tsxper/log-stream-formatter-visual": {
      "version": "1.0.3",
      "resolved": "https://registry.npmjs.org/@tsxper/log-stream-formatter-visual/-/log-stream-formatter-visual-1.0.3.tgz",
      "integrity": "sha512-CaZPiZME1YjtMOv7hF5I4Q7pX4XgLcgPINOOFt+hDBpxKy5ifHPo9APcpSFh7kh8+VtBOZirehmOoyTHGK9nrw==",
      "dev": true,
      "bin": {
        "log-stream-formatter-visual": "cjs/std.js"
      }
    }
  }
}
